<?xml version="1.0" encoding="utf-8"?>
<Project ToolsVersion="4.0" xmlns="http://schemas.microsoft.com/developer/msbuild/2003">
  <ItemGroup>
    <Filter Include="ソース ファイル">
      <UniqueIdentifier>{4FC737F1-C7A5-4376-A066-2A32D752A2FF}</UniqueIdentifier>
      <Extensions>cpp;c;cc;cxx;c++;cppm;ixx;def;odl;idl;hpj;bat;asm;asmx</Extensions>
    </Filter>
    <Filter Include="ヘッダー ファイル">
      <UniqueIdentifier>{93995380-89BD-4b04-88EB-625FBE52EBFB}</UniqueIdentifier>
      <Extensions>h;hh;hpp;hxx;h++;hm;inl;inc;ipp;xsd</Extensions>
    </Filter>
    <Filter Include="リソース ファイル">
      <UniqueIdentifier>{67DA6AB6-F800-4c08-8B7A-83BB121AAD01}</UniqueIdentifier>
      <Extensions>rc;ico;cur;bmp;dlg;rc2;rct;bin;rgs;gif;jpg;jpeg;jpe;resx;tiff;tif;png;wav;mfcribbon-ms</Extensions>
    </Filter>
  </ItemGroup>
  <ItemGroup>
    <ClCompile Include="src\engine\Camera\Camera.cpp">
      <Filter>ソース ファイル</Filter>
    </ClCompile>
    <ClCompile Include="src\engine\Camera\CameraManager.cpp">
      <Filter>ソース ファイル</Filter>
    </ClCompile>
    <ClCompile Include="src\engine\EngineDefinition\EngineDefinition.cpp">
      <Filter>ソース ファイル</Filter>
    </ClCompile>
    <ClCompile Include="src\engine\DirectX\DescriptorHeapManager\DSV\DSVManager.cpp">
      <Filter>ソース ファイル</Filter>
    </ClCompile>
    <ClCompile Include="src\engine\DirectX\DescriptorHeapManager\RTV\RTVManager.cpp">
      <Filter>ソース ファイル</Filter>
    </ClCompile>
    <ClCompile Include="src\engine\DirectX\DescriptorHeapManager\SRV_UAV\SRV_UAVManager.cpp">
      <Filter>ソース ファイル</Filter>
    </ClCompile>
    <ClCompile Include="src\engine\DirectX\DescriptorHeapManager\DescriptorHeapManager.cpp">
      <Filter>ソース ファイル</Filter>
    </ClCompile>
    <ClCompile Include="src\engine\RootBinding\FrameCbAllocator\FrameCbAllocator.cpp">
      <Filter>ソース ファイル</Filter>
    </ClCompile>
    <ClCompile Include="src\engine\DirectX\Pipeline\PipelineStateManager\PipelineStateManager.cpp">
      <Filter>ソース ファイル</Filter>
    </ClCompile>
    <ClCompile Include="src\engine\DirectX\Pipeline\ShaderReflectionHelper\ShaderReflectionHelper.cpp">
      <Filter>ソース ファイル</Filter>
    </ClCompile>
    <ClCompile Include="src\engine\DirectX\RenderTarget\RenderTextureManager\RenderTextureManager.cpp">
      <Filter>ソース ファイル</Filter>
    </ClCompile>
    <ClCompile Include="src\engine\DirectX\ResourceUtilities\ResourceUtilities.cpp">
      <Filter>ソース ファイル</Filter>
    </ClCompile>
    <ClCompile Include="src\engine\DirectX\CommandContextManager\CommandContextManager.cpp">
      <Filter>ソース ファイル</Filter>
    </ClCompile>
    <ClCompile Include="src\engine\DirectX\DeviceManager\DeviceManager.cpp">
      <Filter>ソース ファイル</Filter>
    </ClCompile>
    <ClCompile Include="src\engine\DirectX\DirectXManager.cpp">
      <Filter>ソース ファイル</Filter>
    </ClCompile>
    <ClCompile Include="src\engine\DirectX\RenderTarget\SwapChainManager\SwapChainManager.cpp">
      <Filter>ソース ファイル</Filter>
    </ClCompile>
    <ClCompile Include="src\engine\DirectX\SynchronizationManager\SynchronizationManager.cpp">
      <Filter>ソース ファイル</Filter>
    </ClCompile>
    <ClCompile Include="src\engine\DrawSystem\RenderData\RenderObject.cpp">
      <Filter>ソース ファイル</Filter>
    </ClCompile>
    <ClCompile Include="src\engine\DrawSystem\DrawSystem.cpp">
      <Filter>ソース ファイル</Filter>
    </ClCompile>
    <ClCompile Include="src\engine\Facade\Game.cpp">
      <Filter>ソース ファイル</Filter>
    </ClCompile>
    <ClCompile Include="src\engine\FixFPS\FixFPS.cpp">
      <Filter>ソース ファイル</Filter>
    </ClCompile>
    <ClCompile Include="src\engine\ImGuiManager\ImGuiManager.cpp">
      <Filter>ソース ファイル</Filter>
    </ClCompile>
    <ClCompile Include="src\engine\IO\IOManager.cpp">
      <Filter>ソース ファイル</Filter>
    </ClCompile>
    <ClCompile Include="src\engine\IO\Keyboard\KeyboardController.cpp">
      <Filter>ソース ファイル</Filter>
    </ClCompile>
    <ClCompile Include="src\engine\IO\Mouse\MouseController.cpp">
      <Filter>ソース ファイル</Filter>
    </ClCompile>
    <ClCompile Include="src\engine\IO\Pad\PadController.cpp">
      <Filter>ソース ファイル</Filter>
    </ClCompile>
    <ClCompile Include="src\engine\AssetManager\Audio\AudioManager.cpp">
      <Filter>ソース ファイル</Filter>
    </ClCompile>
    <ClCompile Include="src\engine\AssetManager\Model\ModelManager.cpp">
      <Filter>ソース ファイル</Filter>
    </ClCompile>
    <ClCompile Include="src\engine\AssetManager\Texture\TextureManager.cpp">
      <Filter>ソース ファイル</Filter>
    </ClCompile>
    <ClCompile Include="src\engine\AssetManager\AssetManager.cpp">
      <Filter>ソース ファイル</Filter>
    </ClCompile>
    <ClCompile Include="src\engine\Utilities\Converter\AngleConverter\AngleConverter.cpp">
      <Filter>ソース ファイル</Filter>
    </ClCompile>
    <ClCompile Include="src\engine\Utilities\Converter\ColorConverter\ColorConverter.cpp">
      <Filter>ソース ファイル</Filter>
    </ClCompile>
    <ClCompile Include="src\engine\Utilities\Converter\CoordinateConverter\CoordinateConverter.cpp">
      <Filter>ソース ファイル</Filter>
    </ClCompile>
    <ClCompile Include="src\engine\Utilities\Converter\StringConverter\StringConverter.cpp">
      <Filter>ソース ファイル</Filter>
    </ClCompile>
    <ClCompile Include="src\engine\Utilities\Easing\Easing.cpp">
      <Filter>ソース ファイル</Filter>
    </ClCompile>
    <ClCompile Include="src\engine\Utilities\Json\JsonManager.cpp">
      <Filter>ソース ファイル</Filter>
    </ClCompile>
    <ClCompile Include="src\engine\Utilities\Logger\Logger.cpp">
      <Filter>ソース ファイル</Filter>
    </ClCompile>
    <ClCompile Include="src\engine\Utilities\Random\Random.cpp">
      <Filter>ソース ファイル</Filter>
    </ClCompile>
    <ClCompile Include="src\engine\Utilities\functions.cpp">
      <Filter>ソース ファイル</Filter>
    </ClCompile>
    <ClCompile Include="src\engine\Utilities\PerlinNoise.cpp">
      <Filter>ソース ファイル</Filter>
    </ClCompile>
    <ClCompile Include="src\engine\Window\WindowManager.cpp">
      <Filter>ソース ファイル</Filter>
    </ClCompile>
    <ClCompile Include="src\engine\Engine.cpp">
      <Filter>ソース ファイル</Filter>
    </ClCompile>
    <ClCompile Include="src\application\GameManager\Phase\BattlePhase\BattlePhase.cpp">
      <Filter>ソース ファイル</Filter>
    </ClCompile>
    <ClCompile Include="src\application\GameManager\Phase\IPhase.cpp">
      <Filter>ソース ファイル</Filter>
    </ClCompile>
    <ClCompile Include="src\application\GameManager\Phase\TitlePhase\TitlePhase.cpp">
      <Filter>ソース ファイル</Filter>
    </ClCompile>
    <ClCompile Include="src\application\GameManager\GameManager.cpp">
      <Filter>ソース ファイル</Filter>
    </ClCompile>
    <ClCompile Include="main.cpp">
      <Filter>ソース ファイル</Filter>
    </ClCompile>
    <ClCompile Include="src\engine\AssetManager\Animation\AnimationManager.cpp">
      <Filter>ソース ファイル</Filter>
    </ClCompile>
    <ClCompile Include="src\application\Test\TestAnimation\TestAnimation.cpp">
      <Filter>ソース ファイル</Filter>
    </ClCompile>
    <ClCompile Include="src\application\Test\TestParticle\TestParticle.cpp">
      <Filter>ソース ファイル</Filter>
    </ClCompile>
    <ClCompile Include="src\application\Test\TestLine\LineDrawer.cpp">
      <Filter>ソース ファイル</Filter>
    </ClCompile>
    <ClCompile Include="src\engine\AssetManager\Model\ModelLoader\ModelLoader.cpp">
      <Filter>ソース ファイル</Filter>
    </ClCompile>
    <ClCompile Include="src\engine\AssetManager\Model\ModelCreater\ModelCreater.cpp">
      <Filter>ソース ファイル</Filter>
    </ClCompile>
    <ClCompile Include="src\engine\AssetManager\Model\ModelBank\ModelBank.cpp">
      <Filter>ソース ファイル</Filter>
    </ClCompile>
    <ClCompile Include="src\engine\AssetManager\Texture\TextureBank\TextureBank.cpp">
      <Filter>ソース ファイル</Filter>
    </ClCompile>
    <ClCompile Include="src\engine\AssetManager\Texture\TextureLoader\TextureLoader.cpp">
      <Filter>ソース ファイル</Filter>
    </ClCompile>
    <ClCompile Include="src\engine\AssetManager\Audio\AudioBank\AudioBank.cpp">
      <Filter>ソース ファイル</Filter>
    </ClCompile>
    <ClCompile Include="src\engine\AssetManager\Audio\AudioLoader\AudioLoader.cpp">
      <Filter>ソース ファイル</Filter>
    </ClCompile>
    <ClCompile Include="src\engine\AssetManager\Audio\AudioPlayer\AudioPlayer.cpp">
      <Filter>ソース ファイル</Filter>
    </ClCompile>
    <ClCompile Include="src\application\GameManager\Phase\GameScenePhase\GameScenePhase.cpp">
      <Filter>ソース ファイル</Filter>
    </ClCompile>
    <ClCompile Include="src\application\GameObjects\Map\MapManager.cpp">
      <Filter>ソース ファイル</Filter>
    </ClCompile>
    <ClCompile Include="src\application\GameObjects\Map\Terrain\Chunk\Chunk.cpp">
      <Filter>ソース ファイル</Filter>
    </ClCompile>
    <ClCompile Include="src\application\ResourceLoader\ResourceID.cpp">
      <Filter>ソース ファイル</Filter>
    </ClCompile>
    <ClCompile Include="src\application\GameManager\Phase\EditorTestPhase\EditorTestPhase.cpp">
      <Filter>ソース ファイル</Filter>
    </ClCompile>
    <ClCompile Include="src\engine\Editor\ModelPreview\ModelPreview.cpp">
      <Filter>ソース ファイル</Filter>
    </ClCompile>
    <ClCompile Include="src\engine\Editor\EngineEditor.cpp">
      <Filter>ソース ファイル</Filter>
    </ClCompile>
    <ClCompile Include="src\engine\Editor\TexturePreview\TexturePreview.cpp">
      <Filter>ソース ファイル</Filter>
    </ClCompile>
    <ClCompile Include="src\engine\Editor\RenderTexturePreview\RenderTexturePreview.cpp">
      <Filter>ソース ファイル</Filter>
    </ClCompile>
    <ClCompile Include="externals\meshoptimizer-1.1\allocator.cpp">
      <Filter>ソース ファイル</Filter>
    </ClCompile>
    <ClCompile Include="externals\meshoptimizer-1.1\clusterizer.cpp">
      <Filter>ソース ファイル</Filter>
    </ClCompile>
    <ClCompile Include="externals\meshoptimizer-1.1\indexanalyzer.cpp">
      <Filter>ソース ファイル</Filter>
    </ClCompile>
    <ClCompile Include="externals\meshoptimizer-1.1\indexcodec.cpp">
      <Filter>ソース ファイル</Filter>
    </ClCompile>
    <ClCompile Include="externals\meshoptimizer-1.1\indexgenerator.cpp">
      <Filter>ソース ファイル</Filter>
    </ClCompile>
    <ClCompile Include="externals\meshoptimizer-1.1\meshletcodec.cpp">
      <Filter>ソース ファイル</Filter>
    </ClCompile>
    <ClCompile Include="externals\meshoptimizer-1.1\meshletutils.cpp">
      <Filter>ソース ファイル</Filter>
    </ClCompile>
    <ClCompile Include="externals\meshoptimizer-1.1\opacitymap.cpp">
      <Filter>ソース ファイル</Filter>
    </ClCompile>
    <ClCompile Include="externals\meshoptimizer-1.1\overdrawoptimizer.cpp">
      <Filter>ソース ファイル</Filter>
    </ClCompile>
    <ClCompile Include="externals\meshoptimizer-1.1\partition.cpp">
      <Filter>ソース ファイル</Filter>
    </ClCompile>
    <ClCompile Include="externals\meshoptimizer-1.1\quantization.cpp">
      <Filter>ソース ファイル</Filter>
    </ClCompile>
    <ClCompile Include="externals\meshoptimizer-1.1\rasterizer.cpp">
      <Filter>ソース ファイル</Filter>
    </ClCompile>
    <ClCompile Include="externals\meshoptimizer-1.1\simplifier.cpp">
      <Filter>ソース ファイル</Filter>
    </ClCompile>
    <ClCompile Include="externals\meshoptimizer-1.1\spatialorder.cpp">
      <Filter>ソース ファイル</Filter>
    </ClCompile>
    <ClCompile Include="externals\meshoptimizer-1.1\stripifier.cpp">
      <Filter>ソース ファイル</Filter>
    </ClCompile>
    <ClCompile Include="externals\meshoptimizer-1.1\vcacheoptimizer.cpp">
      <Filter>ソース ファイル</Filter>
    </ClCompile>
    <ClCompile Include="externals\meshoptimizer-1.1\vertexcodec.cpp">
      <Filter>ソース ファイル</Filter>
    </ClCompile>
    <ClCompile Include="externals\meshoptimizer-1.1\vertexfilter.cpp">
      <Filter>ソース ファイル</Filter>
    </ClCompile>
    <ClCompile Include="externals\meshoptimizer-1.1\vfetchoptimizer.cpp">
      <Filter>ソース ファイル</Filter>
    </ClCompile>
    <ClCompile Include="src\engine\Editor\TimeEditor\TimeEditor.cpp">
      <Filter>ソース ファイル</Filter>
    </ClCompile>
    <ClCompile Include="src\application\definition\definition.cpp">
      <Filter>ソース ファイル</Filter>
    </ClCompile>
    <ClCompile Include="src\engine\AssetManager\Animation\AnimationBank\AnimationBank.cpp">
      <Filter>ソース ファイル</Filter>
    </ClCompile>
    <ClCompile Include="src\engine\AssetManager\Animation\AnimationLoader\AnimationLoader.cpp">
      <Filter>ソース ファイル</Filter>
    </ClCompile>
    <ClCompile Include="src\engine\AssetManager\Animation\AnimationComputer\AnimationComputer.cpp">
      <Filter>ソース ファイル</Filter>
    </ClCompile>
    <ClCompile Include="src\engine\ComputeSystem\ComputeObject\ComputeObject.cpp">
      <Filter>ソース ファイル</Filter>
    </ClCompile>
    <ClCompile Include="src\engine\ComputeSystem\ComputeSystem.cpp">
      <Filter>ソース ファイル</Filter>
    </ClCompile>
    <ClCompile Include="src\engine\RootBinding\StructuredBufferManager\StructuredBufferManager.cpp">
      <Filter>ソース ファイル</Filter>
    </ClCompile>
    <ClCompile Include="src\application\GameObjects\Character\ICharacter.cpp">
      <Filter>ソース ファイル</Filter>
    </ClCompile>
    <ClCompile Include="src\application\GameObjects\Character\Player\Player.cpp">
      <Filter>ソース ファイル</Filter>
    </ClCompile>
    <ClCompile Include="src\application\GameObjects\UI\UIManager.cpp">
      <Filter>ソース ファイル</Filter>
    </ClCompile>
    <ClCompile Include="src\application\GameObjects\UI\UIScreen\IUIScreen.cpp">
      <Filter>ソース ファイル</Filter>
    </ClCompile>
    <ClCompile Include="src\application\GameObjects\UI\UIScreen\CraftScreen\CraftScreen.cpp">
      <Filter>ソース ファイル</Filter>
    </ClCompile>
    <ClCompile Include="src\application\GameObjects\UI\UIScreen\InventoryScreen\InventoryScreen.cpp">
      <Filter>ソース ファイル</Filter>
    </ClCompile>
    <ClCompile Include="src\application\GameObjects\UI\UIScreen\PauseScreen\PauseScreen.cpp">
      <Filter>ソース ファイル</Filter>
    </ClCompile>
    <ClCompile Include="src\application\GameObjects\UI\UIScreen\PlayingScreen\PlayingScreen.cpp">
      <Filter>ソース ファイル</Filter>
    </ClCompile>
    <ClCompile Include="src\application\GameObjects\UI\UIElement\Craft\Craft.cpp">
      <Filter>ソース ファイル</Filter>
    </ClCompile>
    <ClCompile Include="src\application\GameObjects\UI\UIElement\Hotbar\Hotbar.cpp">
      <Filter>ソース ファイル</Filter>
    </ClCompile>
    <ClCompile Include="src\application\GameObjects\UI\UIElement\Inventory\Inventory.cpp">
      <Filter>ソース ファイル</Filter>
    </ClCompile>
    <ClCompile Include="src\application\GameObjects\UI\UIElement\Pause\Pause.cpp">
      <Filter>ソース ファイル</Filter>
    </ClCompile>
    <ClCompile Include="src\application\GameObjects\UI\UIElement\IUIElement.cpp">
      <Filter>ソース ファイル</Filter>
    </ClCompile>
    <ClCompile Include="src\application\GameObjects\Camera\CameraController.cpp">
      <Filter>ソース ファイル</Filter>
    </ClCompile>
    <ClCompile Include="src\application\GameObjects\Character\ItemInventory\ItemInventory.cpp">
      <Filter>ソース ファイル</Filter>
    </ClCompile>
    <ClCompile Include="src\application\GameObjects\Character\HaveItem\HaveItem.cpp">
      <Filter>ソース ファイル</Filter>
    </ClCompile>
    <ClCompile Include="src\application\ResourceLoader\Data\Item\Bank\ItemDataBank.cpp">
      <Filter>ソース ファイル</Filter>
    </ClCompile>
    <ClCompile Include="src\application\ResourceLoader\Data\Item\Loader\ItemDataLoader.cpp">
      <Filter>ソース ファイル</Filter>
    </ClCompile>
    <ClCompile Include="src\application\ResourceLoader\Data\DataManager.cpp">
      <Filter>ソース ファイル</Filter>
    </ClCompile>
    <ClCompile Include="src\application\ResourceLoader\Data\Item\ItemDataManager.cpp">
      <Filter>ソース ファイル</Filter>
    </ClCompile>
    <ClCompile Include="src\application\Application.cpp">
      <Filter>ソース ファイル</Filter>
    </ClCompile>
    <ClCompile Include="src\application\Facade\App.cpp">
      <Filter>ソース ファイル</Filter>
    </ClCompile>
    <ClCompile Include="src\application\Editor\Editor.cpp">
      <Filter>ソース ファイル</Filter>
    </ClCompile>
    <ClCompile Include="src\application\Editor\ItemEditor\ItemEditor.cpp">
      <Filter>ソース ファイル</Filter>
    </ClCompile>
    <ClCompile Include="src\application\GameObjects\ScreenDrawer\ScreenDrawer.cpp">
      <Filter>ソース ファイル</Filter>
    </ClCompile>
    <ClCompile Include="src\engine\DirectX\FrameProfiler\FrameProfiler.cpp">
      <Filter>ソース ファイル</Filter>
    </ClCompile>
    <ClCompile Include="src\application\GameObjects\UI\UIScreen\MiningModeScreen\MiningModeScreen.cpp">
      <Filter>ソース ファイル</Filter>
    </ClCompile>
    <ClCompile Include="src\application\GameObjects\UI\UIElement\MiningMode\MiningMode.cpp">
      <Filter>ソース ファイル</Filter>
    </ClCompile>
    <ClCompile Include="src\application\GameObjects\Map\SkyBox\SkyBox.cpp">
      <Filter>ソース ファイル</Filter>
    </ClCompile>
    <ClCompile Include="src\application\GameObjects\Character\SwingMining\SwingMining.cpp">
      <Filter>ソース ファイル</Filter>
    </ClCompile>
    <ClCompile Include="src\application\GameObjects\Character\RangeMining\RangeMining.cpp">
      <Filter>ソース ファイル</Filter>
    </ClCompile>
    <ClCompile Include="src\application\GameObjects\Map\Terrain\FaceDataPagePool\FaceDataPagePool.cpp">
      <Filter>ソース ファイル</Filter>
    </ClCompile>
    <ClCompile Include="src\application\GameObjects\Character\CharacterManager.cpp">
      <Filter>ソース ファイル</Filter>
    </ClCompile>
    <ClCompile Include="src\engine\AssetManager\Font\FontManager.cpp">
      <Filter>ソース ファイル</Filter>
    </ClCompile>
    <ClCompile Include="src\application\GameObjects\Map\Terrain\Terrain.cpp">
      <Filter>ソース ファイル</Filter>
    </ClCompile>
    <ClCompile Include="src\application\GameObjects\EventBus\EventBus.cpp">
      <Filter>ソース ファイル</Filter>
    </ClCompile>
    <ClCompile Include="src\engine\AssetManager\Model\ModelHelper\ModelHelper.cpp">
      <Filter>ソース ファイル</Filter>
    </ClCompile>
    <ClCompile Include="src\application\ResourceLoader\Data\Item\Saver\ItemDataSaver.cpp">
      <Filter>ソース ファイル</Filter>
    </ClCompile>
  </ItemGroup>
  <ItemGroup>
    <ClInclude Include="src\engine\Camera\Camera.h">
      <Filter>ヘッダー ファイル</Filter>
    </ClInclude>
    <ClInclude Include="src\engine\Camera\CameraManager.h">
      <Filter>ヘッダー ファイル</Filter>
    </ClInclude>
    <ClInclude Include="src\engine\EngineDefinition\EngineDefinition.h">
      <Filter>ヘッダー ファイル</Filter>
    </ClInclude>
    <ClInclude Include="src\engine\DirectX\DescriptorHeapManager\DSV\DSVManager.h">
      <Filter>ヘッダー ファイル</Filter>
    </ClInclude>
    <ClInclude Include="src\engine\DirectX\DescriptorHeapManager\RTV\RTVManager.h">
      <Filter>ヘッダー ファイル</Filter>
    </ClInclude>
    <ClInclude Include="src\engine\DirectX\DescriptorHeapManager\SRV_UAV\SRV_UAVManager.h">
      <Filter>ヘッダー ファイル</Filter>
    </ClInclude>
    <ClInclude Include="src\engine\DirectX\DescriptorHeapManager\DescriptorHeapManager.h">
      <Filter>ヘッダー ファイル</Filter>
    </ClInclude>
    <ClInclude Include="src\engine\RootBinding\FrameCbAllocator\FrameCbAllocator.h">
      <Filter>ヘッダー ファイル</Filter>
    </ClInclude>
    <ClInclude Include="src\engine\DirectX\Pipeline\PipelineStateManager\PipelineStateManager.h">
      <Filter>ヘッダー ファイル</Filter>
    </ClInclude>
    <ClInclude Include="src\engine\DirectX\Pipeline\ShaderReflectionHelper\ShaderReflectionHelper.h">
      <Filter>ヘッダー ファイル</Filter>
    </ClInclude>
    <ClInclude Include="src\engine\DirectX\Pipeline\RenderPipelineTypes.h">
      <Filter>ヘッダー ファイル</Filter>
    </ClInclude>
    <ClInclude Include="src\engine\DirectX\RenderTarget\RenderTextureManager\RenderTextureManager.h">
      <Filter>ヘッダー ファイル</Filter>
    </ClInclude>
    <ClInclude Include="src\engine\DirectX\ResourceUtilities\ResourceUtilities.h">
      <Filter>ヘッダー ファイル</Filter>
    </ClInclude>
    <ClInclude Include="src\engine\DirectX\CommandContextManager\CommandContextManager.h">
      <Filter>ヘッダー ファイル</Filter>
    </ClInclude>
    <ClInclude Include="src\engine\DirectX\DeviceManager\DeviceManager.h">
      <Filter>ヘッダー ファイル</Filter>
    </ClInclude>
    <ClInclude Include="src\engine\DirectX\DirectXManager.h">
      <Filter>ヘッダー ファイル</Filter>
    </ClInclude>
    <ClInclude Include="src\engine\DirectX\RenderTarget\SwapChainManager\SwapChainManager.h">
      <Filter>ヘッダー ファイル</Filter>
    </ClInclude>
    <ClInclude Include="src\engine\DirectX\SynchronizationManager\SynchronizationManager.h">
      <Filter>ヘッダー ファイル</Filter>
    </ClInclude>
    <ClInclude Include="src\engine\DrawSystem\RenderData\RenderObject.h">
      <Filter>ヘッダー ファイル</Filter>
    </ClInclude>
    <ClInclude Include="src\engine\DrawSystem\DrawSystem.h">
      <Filter>ヘッダー ファイル</Filter>
    </ClInclude>
    <ClInclude Include="src\engine\Facade\Game.h">
      <Filter>ヘッダー ファイル</Filter>
    </ClInclude>
    <ClInclude Include="src\engine\FixFPS\FixFPS.h">
      <Filter>ヘッダー ファイル</Filter>
    </ClInclude>
    <ClInclude Include="src\engine\ImGuiManager\ImGuiManager.h">
      <Filter>ヘッダー ファイル</Filter>
    </ClInclude>
    <ClInclude Include="src\engine\IO\IOManager.h">
      <Filter>ヘッダー ファイル</Filter>
    </ClInclude>
    <ClInclude Include="src\engine\IO\Keyboard\KeyboardController.h">
      <Filter>ヘッダー ファイル</Filter>
    </ClInclude>
    <ClInclude Include="src\engine\IO\Mouse\MouseController.h">
      <Filter>ヘッダー ファイル</Filter>
    </ClInclude>
    <ClInclude Include="src\engine\IO\Pad\PadController.h">
      <Filter>ヘッダー ファイル</Filter>
    </ClInclude>
    <ClInclude Include="src\engine\AssetManager\Audio\AudioManager.h">
      <Filter>ヘッダー ファイル</Filter>
    </ClInclude>
    <ClInclude Include="src\engine\AssetManager\Model\ModelManager.h">
      <Filter>ヘッダー ファイル</Filter>
    </ClInclude>
    <ClInclude Include="src\engine\AssetManager\Texture\TextureManager.h">
      <Filter>ヘッダー ファイル</Filter>
    </ClInclude>
    <ClInclude Include="src\engine\AssetManager\AssetManager.h">
      <Filter>ヘッダー ファイル</Filter>
    </ClInclude>
    <ClInclude Include="src\engine\Utilities\Converter\AngleConverter\AngleConverter.h">
      <Filter>ヘッダー ファイル</Filter>
    </ClInclude>
    <ClInclude Include="src\engine\Utilities\Converter\ColorConverter\ColorConverter.h">
      <Filter>ヘッダー ファイル</Filter>
    </ClInclude>
    <ClInclude Include="src\engine\Utilities\Converter\CoordinateConverter\CoordinateConverter.h">
      <Filter>ヘッダー ファイル</Filter>
    </ClInclude>
    <ClInclude Include="src\engine\Utilities\Converter\StringConverter\StringConverter.h">
      <Filter>ヘッダー ファイル</Filter>
    </ClInclude>
    <ClInclude Include="src\engine\Utilities\Easing\Easing.h">
      <Filter>ヘッダー ファイル</Filter>
    </ClInclude>
    <ClInclude Include="src\engine\Utilities\Json\JsonManager.h">
      <Filter>ヘッダー ファイル</Filter>
    </ClInclude>
    <ClInclude Include="src\engine\Utilities\Logger\Logger.h">
      <Filter>ヘッダー ファイル</Filter>
    </ClInclude>
    <ClInclude Include="src\engine\Utilities\Random\Random.h">
      <Filter>ヘッダー ファイル</Filter>
    </ClInclude>
    <ClInclude Include="src\engine\Utilities\functions.h">
      <Filter>ヘッダー ファイル</Filter>
    </ClInclude>
    <ClInclude Include="src\engine\Utilities\PerlinNoise.h">
      <Filter>ヘッダー ファイル</Filter>
    </ClInclude>
    <ClInclude Include="src\engine\Window\WindowManager.h">
      <Filter>ヘッダー ファイル</Filter>
    </ClInclude>
    <ClInclude Include="src\engine\Engine.h">
      <Filter>ヘッダー ファイル</Filter>
    </ClInclude>
    <ClInclude Include="src\application\GameManager\Phase\BattlePhase\BattlePhase.h">
      <Filter>ヘッダー ファイル</Filter>
    </ClInclude>
    <ClInclude Include="src\application\GameManager\Phase\IPhase.h">
      <Filter>ヘッダー ファイル</Filter>
    </ClInclude>
    <ClInclude Include="src\application\GameManager\Phase\TitlePhase\TitlePhase.h">
      <Filter>ヘッダー ファイル</Filter>
    </ClInclude>
    <ClInclude Include="src\application\GameManager\GameManager.h">
      <Filter>ヘッダー ファイル</Filter>
    </ClInclude>
    <ClInclude Include="src\engine\DirectX\RenderTarget\RenderTargetStruct.h">
      <Filter>ヘッダー ファイル</Filter>
    </ClInclude>
    <ClInclude Include="src\engine\AssetManager\Animation\AnimationManager.h">
      <Filter>ヘッダー ファイル</Filter>
    </ClInclude>
    <ClInclude Include="src\application\Test\TestAnimation\TestAnimation.h">
      <Filter>ヘッダー ファイル</Filter>
    </ClInclude>
    <ClInclude Include="src\application\Test\TestParticle\TestParticle.h">
      <Filter>ヘッダー ファイル</Filter>
    </ClInclude>
    <ClInclude Include="src\engine\EngineDefinition\EngineConstexprs.h">
      <Filter>ヘッダー ファイル</Filter>
    </ClInclude>
    <ClInclude Include="src\application\Test\TestLine\LineDrawer.h">
      <Filter>ヘッダー ファイル</Filter>
    </ClInclude>
    <ClInclude Include="src\engine\AssetManager\Model\ModelLoader\ModelLoader.h">
      <Filter>ヘッダー ファイル</Filter>
    </ClInclude>
    <ClInclude Include="src\engine\AssetManager\Model\ModelCreater\ModelCreater.h">
      <Filter>ヘッダー ファイル</Filter>
    </ClInclude>
    <ClInclude Include="src\engine\AssetManager\Model\ModelBank\ModelBank.h">
      <Filter>ヘッダー ファイル</Filter>
    </ClInclude>
    <ClInclude Include="src\engine\AssetManager\Texture\TextureBank\TextureBank.h">
      <Filter>ヘッダー ファイル</Filter>
    </ClInclude>
    <ClInclude Include="src\engine\AssetManager\Texture\TextureLoader\TextureLoader.h">
      <Filter>ヘッダー ファイル</Filter>
    </ClInclude>
    <ClInclude Include="src\engine\AssetManager\Audio\AudioBank\AudioBank.h">
      <Filter>ヘッダー ファイル</Filter>
    </ClInclude>
    <ClInclude Include="src\engine\AssetManager\Audio\AudioLoader\AudioLoader.h">
      <Filter>ヘッダー ファイル</Filter>
    </ClInclude>
    <ClInclude Include="src\engine\AssetManager\Audio\AudioPlayer\AudioPlayer.h">
      <Filter>ヘッダー ファイル</Filter>
    </ClInclude>
    <ClInclude Include="src\application\GameManager\Phase\GameScenePhase\GameScenePhase.h">
      <Filter>ヘッダー ファイル</Filter>
    </ClInclude>
    <ClInclude Include="src\application\GameObjects\Map\MapManager.h">
      <Filter>ヘッダー ファイル</Filter>
    </ClInclude>
    <ClInclude Include="src\application\GameObjects\Map\Terrain\Chunk\Chunk.h">
      <Filter>ヘッダー ファイル</Filter>
    </ClInclude>
    <ClInclude Include="src\application\ResourceLoader\ResourceID.h">
      <Filter>ヘッダー ファイル</Filter>
    </ClInclude>
    <ClInclude Include="src\application\GameManager\Phase\EditorTestPhase\EditorTestPhase.h">
      <Filter>ヘッダー ファイル</Filter>
    </ClInclude>
    <ClInclude Include="src\engine\Editor\ModelPreview\ModelPreview.h">
      <Filter>ヘッダー ファイル</Filter>
    </ClInclude>
    <ClInclude Include="src\engine\Editor\EngineEditor.h">
      <Filter>ヘッダー ファイル</Filter>
    </ClInclude>
    <ClInclude Include="src\engine\Editor\TexturePreview\TexturePreview.h">
      <Filter>ヘッダー ファイル</Filter>
    </ClInclude>
    <ClInclude Include="src\engine\Editor\RenderTexturePreview\RenderTexturePreview.h">
      <Filter>ヘッダー ファイル</Filter>
    </ClInclude>
    <ClInclude Include="externals\meshoptimizer-1.1\meshoptimizer.h">
      <Filter>ヘッダー ファイル</Filter>
    </ClInclude>
    <ClInclude Include="src\engine\Editor\TimeEditor\TimeEditor.h">
      <Filter>ヘッダー ファイル</Filter>
    </ClInclude>
    <ClInclude Include="externals\DungeonTemplateLibrary\DTL\Base\Cast.hpp">
      <Filter>ヘッダー ファイル</Filter>
    </ClInclude>
    <ClInclude Include="externals\DungeonTemplateLibrary\DTL\Base\DobutsuShogi.hpp">
      <Filter>ヘッダー ファイル</Filter>
    </ClInclude>
    <ClInclude Include="externals\DungeonTemplateLibrary\DTL\Base\RogueLike.hpp">
      <Filter>ヘッダー ファイル</Filter>
    </ClInclude>
    <ClInclude Include="externals\DungeonTemplateLibrary\DTL\Base\Shogi.hpp">
      <Filter>ヘッダー ファイル</Filter>
    </ClInclude>
    <ClInclude Include="externals\DungeonTemplateLibrary\DTL\Base\Struct.hpp">
      <Filter>ヘッダー ファイル</Filter>
    </ClInclude>
    <ClInclude Include="externals\DungeonTemplateLibrary\DTL\Board\WriteNumber.hpp">
      <Filter>ヘッダー ファイル</Filter>
    </ClInclude>
    <ClInclude Include="externals\DungeonTemplateLibrary\DTL\Camera\MatrixView.hpp">
      <Filter>ヘッダー ファイル</Filter>
    </ClInclude>
    <ClInclude Include="externals\DungeonTemplateLibrary\DTL\Chrono\Time.hpp">
      <Filter>ヘッダー ファイル</Filter>
    </ClInclude>
    <ClInclude Include="externals\DungeonTemplateLibrary\DTL\Color\RGBA.hpp">
      <Filter>ヘッダー ファイル</Filter>
    </ClInclude>
    <ClInclude Include="externals\DungeonTemplateLibrary\DTL\Console\OutputNumber.hpp">
      <Filter>ヘッダー ファイル</Filter>
    </ClInclude>
    <ClInclude Include="externals\DungeonTemplateLibrary\DTL\Console\OutputString.hpp">
      <Filter>ヘッダー ファイル</Filter>
    </ClInclude>
    <ClInclude Include="externals\DungeonTemplateLibrary\DTL\Console\OutputStringBool.hpp">
      <Filter>ヘッダー ファイル</Filter>
    </ClInclude>
    <ClInclude Include="externals\DungeonTemplateLibrary\DTL\Console\OutputView.hpp">
      <Filter>ヘッダー ファイル</Filter>
    </ClInclude>
    <ClInclude Include="externals\DungeonTemplateLibrary\DTL\Cuboid\MazeDig3D.hpp">
      <Filter>ヘッダー ファイル</Filter>
    </ClInclude>
    <ClInclude Include="externals\DungeonTemplateLibrary\DTL\Cuboid\Rectangular.hpp">
      <Filter>ヘッダー ファイル</Filter>
    </ClInclude>
    <ClInclude Include="externals\DungeonTemplateLibrary\DTL\Entity\MobManager.hpp">
      <Filter>ヘッダー ファイル</Filter>
    </ClInclude>
    <ClInclude Include="externals\DungeonTemplateLibrary\DTL\Find\AroundSum.hpp">
      <Filter>ヘッダー ファイル</Filter>
    </ClInclude>
    <ClInclude Include="externals\DungeonTemplateLibrary\DTL\Find\GetLargestRectArea.hpp">
      <Filter>ヘッダー ファイル</Filter>
    </ClInclude>
    <ClInclude Include="externals\DungeonTemplateLibrary\DTL\Find\GetLargestRectAreaSize.hpp">
      <Filter>ヘッダー ファイル</Filter>
    </ClInclude>
    <ClInclude Include="externals\DungeonTemplateLibrary\DTL\Find\GetLargestSquareArea.hpp">
      <Filter>ヘッダー ファイル</Filter>
    </ClInclude>
    <ClInclude Include="externals\DungeonTemplateLibrary\DTL\Find\GetLargestSquareAreaSize.hpp">
      <Filter>ヘッダー ファイル</Filter>
    </ClInclude>
    <ClInclude Include="externals\DungeonTemplateLibrary\DTL\Find\Highest.hpp">
      <Filter>ヘッダー ファイル</Filter>
    </ClInclude>
    <ClInclude Include="externals\DungeonTemplateLibrary\DTL\Find\Highest4Way.hpp">
      <Filter>ヘッダー ファイル</Filter>
    </ClInclude>
    <ClInclude Include="externals\DungeonTemplateLibrary\DTL\Find\Is1Bit.hpp">
      <Filter>ヘッダー ファイル</Filter>
    </ClInclude>
    <ClInclude Include="externals\DungeonTemplateLibrary\DTL\Font\Alphabet.hpp">
      <Filter>ヘッダー ファイル</Filter>
    </ClInclude>
    <ClInclude Include="externals\DungeonTemplateLibrary\DTL\Intelligence\ReversiSimple.hpp">
      <Filter>ヘッダー ファイル</Filter>
    </ClInclude>
    <ClInclude Include="externals\DungeonTemplateLibrary\DTL\Macros\constexpr.hpp">
      <Filter>ヘッダー ファイル</Filter>
    </ClInclude>
    <ClInclude Include="externals\DungeonTemplateLibrary\DTL\Macros\nodiscard.hpp">
      <Filter>ヘッダー ファイル</Filter>
    </ClInclude>
    <ClInclude Include="externals\DungeonTemplateLibrary\DTL\Random\RandomEngine.hpp">
      <Filter>ヘッダー ファイル</Filter>
    </ClInclude>
    <ClInclude Include="externals\DungeonTemplateLibrary\DTL\Range\BasicRect.hpp">
      <Filter>ヘッダー ファイル</Filter>
    </ClInclude>
    <ClInclude Include="externals\DungeonTemplateLibrary\DTL\Range\BasicRectangular.hpp">
      <Filter>ヘッダー ファイル</Filter>
    </ClInclude>
    <ClInclude Include="externals\DungeonTemplateLibrary\DTL\Range\RectangularBase.hpp">
      <Filter>ヘッダー ファイル</Filter>
    </ClInclude>
    <ClInclude Include="externals\DungeonTemplateLibrary\DTL\Range\RectangularBaseWithValue.hpp">
      <Filter>ヘッダー ファイル</Filter>
    </ClInclude>
    <ClInclude Include="externals\DungeonTemplateLibrary\DTL\Range\RectBase.hpp">
      <Filter>ヘッダー ファイル</Filter>
    </ClInclude>
    <ClInclude Include="externals\DungeonTemplateLibrary\DTL\Range\RectBaseDobutsuShogi.hpp">
      <Filter>ヘッダー ファイル</Filter>
    </ClInclude>
    <ClInclude Include="externals\DungeonTemplateLibrary\DTL\Range\RectBaseFractal.hpp">
      <Filter>ヘッダー ファイル</Filter>
    </ClInclude>
    <ClInclude Include="externals\DungeonTemplateLibrary\DTL\Range\RectBaseMaze.hpp">
      <Filter>ヘッダー ファイル</Filter>
    </ClInclude>
    <ClInclude Include="externals\DungeonTemplateLibrary\DTL\Range\RectBasePerlin.hpp">
      <Filter>ヘッダー ファイル</Filter>
    </ClInclude>
    <ClInclude Include="externals\DungeonTemplateLibrary\DTL\Range\RectBasePerlinSolitary.hpp">
      <Filter>ヘッダー ファイル</Filter>
    </ClInclude>
    <ClInclude Include="externals\DungeonTemplateLibrary\DTL\Range\RectBaseRogueLike.hpp">
      <Filter>ヘッダー ファイル</Filter>
    </ClInclude>
    <ClInclude Include="externals\DungeonTemplateLibrary\DTL\Range\RectBaseShogi.hpp">
      <Filter>ヘッダー ファイル</Filter>
    </ClInclude>
    <ClInclude Include="externals\DungeonTemplateLibrary\DTL\Range\RectBaseSimpleRogueLike.hpp">
      <Filter>ヘッダー ファイル</Filter>
    </ClInclude>
    <ClInclude Include="externals\DungeonTemplateLibrary\DTL\Range\RectBaseWithBattle.hpp">
      <Filter>ヘッダー ファイル</Filter>
    </ClInclude>
    <ClInclude Include="externals\DungeonTemplateLibrary\DTL\Range\RectBaseWithBlackWhite.hpp">
      <Filter>ヘッダー ファイル</Filter>
    </ClInclude>
    <ClInclude Include="externals\DungeonTemplateLibrary\DTL\Range\RectBaseWithLoopNum.hpp">
      <Filter>ヘッダー ファイル</Filter>
    </ClInclude>
    <ClInclude Include="externals\DungeonTemplateLibrary\DTL\Range\RectBaseWithMaxMin.hpp">
      <Filter>ヘッダー ファイル</Filter>
    </ClInclude>
    <ClInclude Include="externals\DungeonTemplateLibrary\DTL\Range\RectBaseWithMaxMinValue.hpp">
      <Filter>ヘッダー ファイル</Filter>
    </ClInclude>
    <ClInclude Include="externals\DungeonTemplateLibrary\DTL\Range\RectBaseWithValue.hpp">
      <Filter>ヘッダー ファイル</Filter>
    </ClInclude>
    <ClInclude Include="externals\DungeonTemplateLibrary\DTL\Range\RectBaseWithValueMaxMin.hpp">
      <Filter>ヘッダー ファイル</Filter>
    </ClInclude>
    <ClInclude Include="externals\DungeonTemplateLibrary\DTL\Range\RectBaseWithValuePos.hpp">
      <Filter>ヘッダー ファイル</Filter>
    </ClInclude>
    <ClInclude Include="externals\DungeonTemplateLibrary\DTL\Range\RectBaseWithValueXYRA.hpp">
      <Filter>ヘッダー ファイル</Filter>
    </ClInclude>
    <ClInclude Include="externals\DungeonTemplateLibrary\DTL\Range\RectBaseWithVector.hpp">
      <Filter>ヘッダー ファイル</Filter>
    </ClInclude>
    <ClInclude Include="externals\DungeonTemplateLibrary\DTL\Retouch\Addition.hpp">
      <Filter>ヘッダー ファイル</Filter>
    </ClInclude>
    <ClInclude Include="externals\DungeonTemplateLibrary\DTL\Retouch\Angular.hpp">
      <Filter>ヘッダー ファイル</Filter>
    </ClInclude>
    <ClInclude Include="externals\DungeonTemplateLibrary\DTL\Retouch\Average.hpp">
      <Filter>ヘッダー ファイル</Filter>
    </ClInclude>
    <ClInclude Include="externals\DungeonTemplateLibrary\DTL\Retouch\Bucket.hpp">
      <Filter>ヘッダー ファイル</Filter>
    </ClInclude>
    <ClInclude Include="externals\DungeonTemplateLibrary\DTL\Retouch\BuryPoint.hpp">
      <Filter>ヘッダー ファイル</Filter>
    </ClInclude>
    <ClInclude Include="externals\DungeonTemplateLibrary\DTL\Retouch\CellularAutomaton.hpp">
      <Filter>ヘッダー ファイル</Filter>
    </ClInclude>
    <ClInclude Include="externals\DungeonTemplateLibrary\DTL\Retouch\Division.hpp">
      <Filter>ヘッダー ファイル</Filter>
    </ClInclude>
    <ClInclude Include="externals\DungeonTemplateLibrary\DTL\Retouch\Modulo.hpp">
      <Filter>ヘッダー ファイル</Filter>
    </ClInclude>
    <ClInclude Include="externals\DungeonTemplateLibrary\DTL\Retouch\Multiplication.hpp">
      <Filter>ヘッダー ファイル</Filter>
    </ClInclude>
    <ClInclude Include="externals\DungeonTemplateLibrary\DTL\Retouch\RemovePoint.hpp">
      <Filter>ヘッダー ファイル</Filter>
    </ClInclude>
    <ClInclude Include="externals\DungeonTemplateLibrary\DTL\Retouch\Subtraction.hpp">
      <Filter>ヘッダー ファイル</Filter>
    </ClInclude>
    <ClInclude Include="externals\DungeonTemplateLibrary\DTL\Shape\AscendingOrder.hpp">
      <Filter>ヘッダー ファイル</Filter>
    </ClInclude>
    <ClInclude Include="externals\DungeonTemplateLibrary\DTL\Shape\AscendingOrder2.hpp">
      <Filter>ヘッダー ファイル</Filter>
    </ClInclude>
    <ClInclude Include="externals\DungeonTemplateLibrary\DTL\Shape\Border.hpp">
      <Filter>ヘッダー ファイル</Filter>
    </ClInclude>
    <ClInclude Include="externals\DungeonTemplateLibrary\DTL\Shape\BorderOdd.hpp">
      <Filter>ヘッダー ファイル</Filter>
    </ClInclude>
    <ClInclude Include="externals\DungeonTemplateLibrary\DTL\Shape\CellularAutomatonIsland.hpp">
      <Filter>ヘッダー ファイル</Filter>
    </ClInclude>
    <ClInclude Include="externals\DungeonTemplateLibrary\DTL\Shape\CellularAutomatonMixIsland.hpp">
      <Filter>ヘッダー ファイル</Filter>
    </ClInclude>
    <ClInclude Include="externals\DungeonTemplateLibrary\DTL\Shape\ClusteringMaze.hpp">
      <Filter>ヘッダー ファイル</Filter>
    </ClInclude>
    <ClInclude Include="externals\DungeonTemplateLibrary\DTL\Shape\DiamondSquareAverage.hpp">
      <Filter>ヘッダー ファイル</Filter>
    </ClInclude>
    <ClInclude Include="externals\DungeonTemplateLibrary\DTL\Shape\DiamondSquareAverageCornerIsland.hpp">
      <Filter>ヘッダー ファイル</Filter>
    </ClInclude>
    <ClInclude Include="externals\DungeonTemplateLibrary\DTL\Shape\DiamondSquareAverageIsland.hpp">
      <Filter>ヘッダー ファイル</Filter>
    </ClInclude>
    <ClInclude Include="externals\DungeonTemplateLibrary\DTL\Shape\DobutsuShogi.hpp">
      <Filter>ヘッダー ファイル</Filter>
    </ClInclude>
    <ClInclude Include="externals\DungeonTemplateLibrary\DTL\Shape\FractalIsland.hpp">
      <Filter>ヘッダー ファイル</Filter>
    </ClInclude>
    <ClInclude Include="externals\DungeonTemplateLibrary\DTL\Shape\FractalLoopIsland.hpp">
      <Filter>ヘッダー ファイル</Filter>
    </ClInclude>
    <ClInclude Include="externals\DungeonTemplateLibrary\DTL\Shape\HalfMixRect.hpp">
      <Filter>ヘッダー ファイル</Filter>
    </ClInclude>
    <ClInclude Include="externals\DungeonTemplateLibrary\DTL\Shape\MazeBar.hpp">
      <Filter>ヘッダー ファイル</Filter>
    </ClInclude>
    <ClInclude Include="externals\DungeonTemplateLibrary\DTL\Shape\MazeDig.hpp">
      <Filter>ヘッダー ファイル</Filter>
    </ClInclude>
    <ClInclude Include="externals\DungeonTemplateLibrary\DTL\Shape\MixRect.hpp">
      <Filter>ヘッダー ファイル</Filter>
    </ClInclude>
    <ClInclude Include="externals\DungeonTemplateLibrary\DTL\Shape\PerlinIsland.hpp">
      <Filter>ヘッダー ファイル</Filter>
    </ClInclude>
    <ClInclude Include="externals\DungeonTemplateLibrary\DTL\Shape\PerlinLoopIsland.hpp">
      <Filter>ヘッダー ファイル</Filter>
    </ClInclude>
    <ClInclude Include="externals\DungeonTemplateLibrary\DTL\Shape\PerlinSolitaryIsland.hpp">
      <Filter>ヘッダー ファイル</Filter>
    </ClInclude>
    <ClInclude Include="externals\DungeonTemplateLibrary\DTL\Shape\Point.hpp">
      <Filter>ヘッダー ファイル</Filter>
    </ClInclude>
    <ClInclude Include="externals\DungeonTemplateLibrary\DTL\Shape\PointGrid.hpp">
      <Filter>ヘッダー ファイル</Filter>
    </ClInclude>
    <ClInclude Include="externals\DungeonTemplateLibrary\DTL\Shape\PointGridAndSomeBlocksWithBorder.hpp">
      <Filter>ヘッダー ファイル</Filter>
    </ClInclude>
    <ClInclude Include="externals\DungeonTemplateLibrary\DTL\Shape\PointGridWithBorder.hpp">
      <Filter>ヘッダー ファイル</Filter>
    </ClInclude>
    <ClInclude Include="externals\DungeonTemplateLibrary\DTL\Shape\RandomRect.hpp">
      <Filter>ヘッダー ファイル</Filter>
    </ClInclude>
    <ClInclude Include="externals\DungeonTemplateLibrary\DTL\Shape\RandomVoronoi.hpp">
      <Filter>ヘッダー ファイル</Filter>
    </ClInclude>
    <ClInclude Include="externals\DungeonTemplateLibrary\DTL\Shape\Rect.hpp">
      <Filter>ヘッダー ファイル</Filter>
    </ClInclude>
    <ClInclude Include="externals\DungeonTemplateLibrary\DTL\Shape\Reversi.hpp">
      <Filter>ヘッダー ファイル</Filter>
    </ClInclude>
    <ClInclude Include="externals\DungeonTemplateLibrary\DTL\Shape\RogueLike.hpp">
      <Filter>ヘッダー ファイル</Filter>
    </ClInclude>
    <ClInclude Include="externals\DungeonTemplateLibrary\DTL\Shape\Shogi.hpp">
      <Filter>ヘッダー ファイル</Filter>
    </ClInclude>
    <ClInclude Include="externals\DungeonTemplateLibrary\DTL\Shape\SimplePyramid.hpp">
      <Filter>ヘッダー ファイル</Filter>
    </ClInclude>
    <ClInclude Include="externals\DungeonTemplateLibrary\DTL\Shape\SimpleRogueLike.hpp">
      <Filter>ヘッダー ファイル</Filter>
    </ClInclude>
    <ClInclude Include="externals\DungeonTemplateLibrary\DTL\Shape\SimpleTruncatedSquarePyramid.hpp">
      <Filter>ヘッダー ファイル</Filter>
    </ClInclude>
    <ClInclude Include="externals\DungeonTemplateLibrary\DTL\Shape\SimpleVoronoiIsland.hpp">
      <Filter>ヘッダー ファイル</Filter>
    </ClInclude>
    <ClInclude Include="externals\DungeonTemplateLibrary\DTL\Shape\StarLine.hpp">
      <Filter>ヘッダー ファイル</Filter>
    </ClInclude>
    <ClInclude Include="externals\DungeonTemplateLibrary\DTL\Shape\WhiteNoise.hpp">
      <Filter>ヘッダー ファイル</Filter>
    </ClInclude>
    <ClInclude Include="externals\DungeonTemplateLibrary\DTL\Storage\FileBase.hpp">
      <Filter>ヘッダー ファイル</Filter>
    </ClInclude>
    <ClInclude Include="externals\DungeonTemplateLibrary\DTL\Storage\FileBaseBin.hpp">
      <Filter>ヘッダー ファイル</Filter>
    </ClInclude>
    <ClInclude Include="externals\DungeonTemplateLibrary\DTL\Storage\FileBaseTxt.hpp">
      <Filter>ヘッダー ファイル</Filter>
    </ClInclude>
    <ClInclude Include="externals\DungeonTemplateLibrary\DTL\Storage\FileBMP.hpp">
      <Filter>ヘッダー ファイル</Filter>
    </ClInclude>
    <ClInclude Include="externals\DungeonTemplateLibrary\DTL\Storage\FileHDR.hpp">
      <Filter>ヘッダー ファイル</Filter>
    </ClInclude>
    <ClInclude Include="externals\DungeonTemplateLibrary\DTL\Storage\FileJPG.hpp">
      <Filter>ヘッダー ファイル</Filter>
    </ClInclude>
    <ClInclude Include="externals\DungeonTemplateLibrary\DTL\Storage\FileMD.hpp">
      <Filter>ヘッダー ファイル</Filter>
    </ClInclude>
    <ClInclude Include="externals\DungeonTemplateLibrary\DTL\Storage\FilePBM.hpp">
      <Filter>ヘッダー ファイル</Filter>
    </ClInclude>
    <ClInclude Include="externals\DungeonTemplateLibrary\DTL\Storage\FilePNG.hpp">
      <Filter>ヘッダー ファイル</Filter>
    </ClInclude>
    <ClInclude Include="externals\DungeonTemplateLibrary\DTL\Storage\FileSandboxOBJ_3D.hpp">
      <Filter>ヘッダー ファイル</Filter>
    </ClInclude>
    <ClInclude Include="externals\DungeonTemplateLibrary\DTL\Storage\FileTerrainOBJ.hpp">
      <Filter>ヘッダー ファイル</Filter>
    </ClInclude>
    <ClInclude Include="externals\DungeonTemplateLibrary\DTL\Storage\FileTGA.hpp">
      <Filter>ヘッダー ファイル</Filter>
    </ClInclude>
    <ClInclude Include="externals\DungeonTemplateLibrary\DTL\Storage\FileTXT_0_9.hpp">
      <Filter>ヘッダー ファイル</Filter>
    </ClInclude>
    <ClInclude Include="externals\DungeonTemplateLibrary\DTL\ThirdParty\STB\stb_image_write.h">
      <Filter>ヘッダー ファイル</Filter>
    </ClInclude>
    <ClInclude Include="externals\DungeonTemplateLibrary\DTL\ThirdParty\STB\wrapper_stb_image_write.hpp">
      <Filter>ヘッダー ファイル</Filter>
    </ClInclude>
    <ClInclude Include="externals\DungeonTemplateLibrary\DTL\Type\Cos.hpp">
      <Filter>ヘッダー ファイル</Filter>
    </ClInclude>
    <ClInclude Include="externals\DungeonTemplateLibrary\DTL\Type\Cout.hpp">
      <Filter>ヘッダー ファイル</Filter>
    </ClInclude>
    <ClInclude Include="externals\DungeonTemplateLibrary\DTL\Type\EnableIf.hpp">
      <Filter>ヘッダー ファイル</Filter>
    </ClInclude>
    <ClInclude Include="externals\DungeonTemplateLibrary\DTL\Type\Forward.hpp">
      <Filter>ヘッダー ファイル</Filter>
    </ClInclude>
    <ClInclude Include="externals\DungeonTemplateLibrary\DTL\Type\IntX.hpp">
      <Filter>ヘッダー ファイル</Filter>
    </ClInclude>
    <ClInclude Include="externals\DungeonTemplateLibrary\DTL\Type\Max.hpp">
      <Filter>ヘッダー ファイル</Filter>
    </ClInclude>
    <ClInclude Include="externals\DungeonTemplateLibrary\DTL\Type\Min.hpp">
      <Filter>ヘッダー ファイル</Filter>
    </ClInclude>
    <ClInclude Include="externals\DungeonTemplateLibrary\DTL\Type\New.hpp">
      <Filter>ヘッダー ファイル</Filter>
    </ClInclude>
    <ClInclude Include="externals\DungeonTemplateLibrary\DTL\Type\NumericLimits.hpp">
      <Filter>ヘッダー ファイル</Filter>
    </ClInclude>
    <ClInclude Include="externals\DungeonTemplateLibrary\DTL\Type\Pair.hpp">
      <Filter>ヘッダー ファイル</Filter>
    </ClInclude>
    <ClInclude Include="externals\DungeonTemplateLibrary\DTL\Type\Sin.hpp">
      <Filter>ヘッダー ファイル</Filter>
    </ClInclude>
    <ClInclude Include="externals\DungeonTemplateLibrary\DTL\Type\SizeT.hpp">
      <Filter>ヘッダー ファイル</Filter>
    </ClInclude>
    <ClInclude Include="externals\DungeonTemplateLibrary\DTL\Type\Sort.hpp">
      <Filter>ヘッダー ファイル</Filter>
    </ClInclude>
    <ClInclude Include="externals\DungeonTemplateLibrary\DTL\Type\SSizeT.hpp">
      <Filter>ヘッダー ファイル</Filter>
    </ClInclude>
    <ClInclude Include="externals\DungeonTemplateLibrary\DTL\Type\ThreadLocal.hpp">
      <Filter>ヘッダー ファイル</Filter>
    </ClInclude>
    <ClInclude Include="externals\DungeonTemplateLibrary\DTL\Type\UniquePtr.hpp">
      <Filter>ヘッダー ファイル</Filter>
    </ClInclude>
    <ClInclude Include="externals\DungeonTemplateLibrary\DTL\Type\Vector.hpp">
      <Filter>ヘッダー ファイル</Filter>
    </ClInclude>
    <ClInclude Include="externals\DungeonTemplateLibrary\DTL\UnrealEngine\BlueprintFunctionLibraryDTL.hpp">
      <Filter>ヘッダー ファイル</Filter>
    </ClInclude>
    <ClInclude Include="externals\DungeonTemplateLibrary\DTL\Utility\Assign.hpp">
      <Filter>ヘッダー ファイル</Filter>
    </ClInclude>
    <ClInclude Include="externals\DungeonTemplateLibrary\DTL\Utility\Binarization.hpp">
      <Filter>ヘッダー ファイル</Filter>
    </ClInclude>
    <ClInclude Include="externals\DungeonTemplateLibrary\DTL\Utility\Camera.hpp">
      <Filter>ヘッダー ファイル</Filter>
    </ClInclude>
    <ClInclude Include="externals\DungeonTemplateLibrary\DTL\Utility\Copy.hpp">
      <Filter>ヘッダー ファイル</Filter>
    </ClInclude>
    <ClInclude Include="externals\DungeonTemplateLibrary\DTL\Utility\DrawJagged.hpp">
      <Filter>ヘッダー ファイル</Filter>
    </ClInclude>
    <ClInclude Include="externals\DungeonTemplateLibrary\DTL\Utility\DrawJaggedRandom.hpp">
      <Filter>ヘッダー ファイル</Filter>
    </ClInclude>
    <ClInclude Include="externals\DungeonTemplateLibrary\DTL\Utility\Init.hpp">
      <Filter>ヘッダー ファイル</Filter>
    </ClInclude>
    <ClInclude Include="externals\DungeonTemplateLibrary\DTL\Utility\IsOutputCast.hpp">
      <Filter>ヘッダー ファイル</Filter>
    </ClInclude>
    <ClInclude Include="externals\DungeonTemplateLibrary\DTL\Utility\MatrixWrapper.hpp">
      <Filter>ヘッダー ファイル</Filter>
    </ClInclude>
    <ClInclude Include="externals\DungeonTemplateLibrary\DTL\Utility\PerlinNoise.hpp">
      <Filter>ヘッダー ファイル</Filter>
    </ClInclude>
    <ClInclude Include="externals\DungeonTemplateLibrary\DTL\Utility\ReplaceAll.hpp">
      <Filter>ヘッダー ファイル</Filter>
    </ClInclude>
    <ClInclude Include="externals\DungeonTemplateLibrary\DTL\Utility\ReplaceSome.hpp">
      <Filter>ヘッダー ファイル</Filter>
    </ClInclude>
    <ClInclude Include="externals\DungeonTemplateLibrary\DTL\Utility\VoronoiDiagram.hpp">
      <Filter>ヘッダー ファイル</Filter>
    </ClInclude>
    <ClInclude Include="externals\DungeonTemplateLibrary\DTL\Version\Version.hpp">
      <Filter>ヘッダー ファイル</Filter>
    </ClInclude>
    <ClInclude Include="externals\DungeonTemplateLibrary\DTL\Workaround\cstdioGets.hpp">
      <Filter>ヘッダー ファイル</Filter>
    </ClInclude>
    <ClInclude Include="externals\DungeonTemplateLibrary\DTL\Base.hpp">
      <Filter>ヘッダー ファイル</Filter>
    </ClInclude>
    <ClInclude Include="externals\DungeonTemplateLibrary\DTL\Board.hpp">
      <Filter>ヘッダー ファイル</Filter>
    </ClInclude>
    <ClInclude Include="externals\DungeonTemplateLibrary\DTL\Camera.hpp">
      <Filter>ヘッダー ファイル</Filter>
    </ClInclude>
    <ClInclude Include="externals\DungeonTemplateLibrary\DTL\Chrono.hpp">
      <Filter>ヘッダー ファイル</Filter>
    </ClInclude>
    <ClInclude Include="externals\DungeonTemplateLibrary\DTL\Console.hpp">
      <Filter>ヘッダー ファイル</Filter>
    </ClInclude>
    <ClInclude Include="externals\DungeonTemplateLibrary\DTL\Cuboid.hpp">
      <Filter>ヘッダー ファイル</Filter>
    </ClInclude>
    <ClInclude Include="externals\DungeonTemplateLibrary\DTL\DTL.hpp">
      <Filter>ヘッダー ファイル</Filter>
    </ClInclude>
    <ClInclude Include="externals\DungeonTemplateLibrary\DTL\Entity.hpp">
      <Filter>ヘッダー ファイル</Filter>
    </ClInclude>
    <ClInclude Include="externals\DungeonTemplateLibrary\DTL\Find.hpp">
      <Filter>ヘッダー ファイル</Filter>
    </ClInclude>
    <ClInclude Include="externals\DungeonTemplateLibrary\DTL\Font.hpp">
      <Filter>ヘッダー ファイル</Filter>
    </ClInclude>
    <ClInclude Include="externals\DungeonTemplateLibrary\DTL\ImageWrite.hpp">
      <Filter>ヘッダー ファイル</Filter>
    </ClInclude>
    <ClInclude Include="externals\DungeonTemplateLibrary\DTL\Intelligence.hpp">
      <Filter>ヘッダー ファイル</Filter>
    </ClInclude>
    <ClInclude Include="externals\DungeonTemplateLibrary\DTL\Random.hpp">
      <Filter>ヘッダー ファイル</Filter>
    </ClInclude>
    <ClInclude Include="externals\DungeonTemplateLibrary\DTL\Retouch.hpp">
      <Filter>ヘッダー ファイル</Filter>
    </ClInclude>
    <ClInclude Include="externals\DungeonTemplateLibrary\DTL\Shape.hpp">
      <Filter>ヘッダー ファイル</Filter>
    </ClInclude>
    <ClInclude Include="externals\DungeonTemplateLibrary\DTL\Storage.hpp">
      <Filter>ヘッダー ファイル</Filter>
    </ClInclude>
    <ClInclude Include="externals\DungeonTemplateLibrary\DTL\ThirdParty.hpp">
      <Filter>ヘッダー ファイル</Filter>
    </ClInclude>
    <ClInclude Include="externals\DungeonTemplateLibrary\DTL\Utility.hpp">
      <Filter>ヘッダー ファイル</Filter>
    </ClInclude>
    <ClInclude Include="externals\DungeonTemplateLibrary\DTL.hpp">
      <Filter>ヘッダー ファイル</Filter>
    </ClInclude>
    <ClInclude Include="externals\FastNoiseLite\FastNoiseLite.h">
      <Filter>ヘッダー ファイル</Filter>
    </ClInclude>
    <ClInclude Include="src\application\definition\constexprs.h">
      <Filter>ヘッダー ファイル</Filter>
    </ClInclude>
    <ClInclude Include="src\application\definition\definition.h">
      <Filter>ヘッダー ファイル</Filter>
    </ClInclude>
    <ClInclude Include="src\engine\AssetManager\Animation\AnimationBank\AnimationBank.h">
      <Filter>ヘッダー ファイル</Filter>
    </ClInclude>
    <ClInclude Include="src\engine\AssetManager\Animation\AnimationLoader\AnimationLoader.h">
      <Filter>ヘッダー ファイル</Filter>
    </ClInclude>
    <ClInclude Include="src\engine\AssetManager\Animation\AnimationComputer\AnimationComputer.h">
      <Filter>ヘッダー ファイル</Filter>
    </ClInclude>
    <ClInclude Include="src\engine\ComputeSystem\ComputeObject\ComputeObject.h">
      <Filter>ヘッダー ファイル</Filter>
    </ClInclude>
    <ClInclude Include="src\engine\ComputeSystem\ComputeSystem.h">
      <Filter>ヘッダー ファイル</Filter>
    </ClInclude>
    <ClInclude Include="src\engine\RootBinding\StructuredBufferManager\StructuredBufferManager.h">
      <Filter>ヘッダー ファイル</Filter>
    </ClInclude>
    <ClInclude Include="src\application\GameObjects\Character\ICharacter.h">
      <Filter>ヘッダー ファイル</Filter>
    </ClInclude>
    <ClInclude Include="src\application\GameObjects\Character\Player\Player.h">
      <Filter>ヘッダー ファイル</Filter>
    </ClInclude>
    <ClInclude Include="src\application\GameObjects\UI\UIManager.h">
      <Filter>ヘッダー ファイル</Filter>
    </ClInclude>
    <ClInclude Include="src\application\GameObjects\UI\UIScreen\IUIScreen.h">
      <Filter>ヘッダー ファイル</Filter>
    </ClInclude>
    <ClInclude Include="src\application\GameObjects\UI\UIScreen\PlayingScreen\PlayingScreen.h">
      <Filter>ヘッダー ファイル</Filter>
    </ClInclude>
    <ClInclude Include="src\application\GameObjects\UI\UIScreen\PauseScreen\PauseScreen.h">
      <Filter>ヘッダー ファイル</Filter>
    </ClInclude>
    <ClInclude Include="src\application\GameObjects\UI\UIScreen\InventoryScreen\InventoryScreen.h">
      <Filter>ヘッダー ファイル</Filter>
    </ClInclude>
    <ClInclude Include="src\application\GameObjects\UI\UIScreen\CraftScreen\CraftScreen.h">
      <Filter>ヘッダー ファイル</Filter>
    </ClInclude>
    <ClInclude Include="src\application\GameObjects\UI\UIElement\Craft\Craft.h">
      <Filter>ヘッダー ファイル</Filter>
    </ClInclude>
    <ClInclude Include="src\application\GameObjects\UI\UIElement\Hotbar\Hotbar.h">
      <Filter>ヘッダー ファイル</Filter>
    </ClInclude>
    <ClInclude Include="src\application\GameObjects\UI\UIElement\Inventory\Inventory.h">
      <Filter>ヘッダー ファイル</Filter>
    </ClInclude>
    <ClInclude Include="src\application\GameObjects\UI\UIElement\Pause\Pause.h">
      <Filter>ヘッダー ファイル</Filter>
    </ClInclude>
    <ClInclude Include="src\application\GameObjects\UI\UIElement\IUIElement.h">
      <Filter>ヘッダー ファイル</Filter>
    </ClInclude>
    <ClInclude Include="src\application\GameObjects\UI\UIData.h">
      <Filter>ヘッダー ファイル</Filter>
    </ClInclude>
    <ClInclude Include="src\application\GameObjects\Camera\CameraController.h">
      <Filter>ヘッダー ファイル</Filter>
    </ClInclude>
    <ClInclude Include="src\application\GameObjects\Character\ItemInventory\ItemInventory.h">
      <Filter>ヘッダー ファイル</Filter>
    </ClInclude>
    <ClInclude Include="src\application\GameObjects\Character\HaveItem\HaveItem.h">
      <Filter>ヘッダー ファイル</Filter>
    </ClInclude>
    <ClInclude Include="src\application\ResourceLoader\Data\Item\Bank\ItemDataBank.h">
      <Filter>ヘッダー ファイル</Filter>
    </ClInclude>
    <ClInclude Include="src\application\ResourceLoader\Data\Item\Loader\ItemDataLoader.h">
      <Filter>ヘッダー ファイル</Filter>
    </ClInclude>
    <ClInclude Include="src\application\ResourceLoader\Data\DataManager.h">
      <Filter>ヘッダー ファイル</Filter>
    </ClInclude>
    <ClInclude Include="src\application\ResourceLoader\Data\Item\ItemDataManager.h">
      <Filter>ヘッダー ファイル</Filter>
    </ClInclude>
    <ClInclude Include="src\application\Application.h">
      <Filter>ヘッダー ファイル</Filter>
    </ClInclude>
    <ClInclude Include="src\application\Facade\App.h">
      <Filter>ヘッダー ファイル</Filter>
    </ClInclude>
    <ClInclude Include="src\application\Editor\Editor.h">
      <Filter>ヘッダー ファイル</Filter>
    </ClInclude>
    <ClInclude Include="src\application\Editor\ItemEditor\ItemEditor.h">
      <Filter>ヘッダー ファイル</Filter>
    </ClInclude>
    <ClInclude Include="src\application\GameObjects\ScreenDrawer\ScreenDrawer.h">
      <Filter>ヘッダー ファイル</Filter>
    </ClInclude>
    <ClInclude Include="src\engine\DirectX\FrameProfiler\FrameProfiler.h">
      <Filter>ヘッダー ファイル</Filter>
    </ClInclude>
    <ClInclude Include="src\application\GameObjects\UI\UIScreen\MiningModeScreen\MiningModeScreen.h">
      <Filter>ヘッダー ファイル</Filter>
    </ClInclude>
    <ClInclude Include="src\application\GameObjects\UI\UIElement\MiningMode\MiningMode.h">
      <Filter>ヘッダー ファイル</Filter>
    </ClInclude>
    <ClInclude Include="src\application\GameObjects\Character\SwingMining\SwingMining.h">
      <Filter>ヘッダー ファイル</Filter>
    </ClInclude>
    <ClInclude Include="src\application\GameObjects\Character\RangeMining\RangeMining.h">
      <Filter>ヘッダー ファイル</Filter>
    </ClInclude>
    <ClInclude Include="src\application\GameObjects\Map\SkyBox\SkyBox.h">
      <Filter>ヘッダー ファイル</Filter>
    </ClInclude>
    <ClInclude Include="src\application\GameObjects\Map\Terrain\FaceDataPagePool\FaceDataPagePool.h">
      <Filter>ヘッダー ファイル</Filter>
    </ClInclude>
    <ClInclude Include="src\application\GameObjects\Character\CharacterManager.h">
      <Filter>ヘッダー ファイル</Filter>
    </ClInclude>
    <ClInclude Include="src\engine\AssetManager\Font\FontManager.h">
      <Filter>ヘッダー ファイル</Filter>
    </ClInclude>
    <ClInclude Include="externals\stb\stb_truetype.h">
      <Filter>ヘッダー ファイル</Filter>
    </ClInclude>
    <ClInclude Include="src\application\GameObjects\Map\Terrain\Terrain.h">
      <Filter>ヘッダー ファイル</Filter>
    </ClInclude>
    <ClInclude Include="src\application\GameObjects\EventBus\EventBus.h">
      <Filter>ヘッダー ファイル</Filter>
    </ClInclude>
    <ClInclude Include="src\engine\AssetManager\Model\ModelHelper\ModelHelper.h">
      <Filter>ヘッダー ファイル</Filter>
    </ClInclude>
    <ClInclude Include="src\application\ResourceLoader\Data\Item\Saver\ItemDataSaver.h">
      <Filter>ヘッダー ファイル</Filter>
    </ClInclude>
  </ItemGroup>
  <ItemGroup>
    <None Include="resources\shaders\Block\versionInfo.md" />
  </ItemGroup>
</Project>